
Microsoft Visual Studio Solution File, Format Version 12.00
# Visual Studio 15
VisualStudioVersion = 15.0.27703.2026
MinimumVisualStudioVersion = 10.0.40219.1
Project("{FAE04EC0-301F-11D3-BF4B-00C04F79EFBC}") = "Partie 1", "Partie 1\Partie 1.csproj", "{5BDA75CA-8066-4630-82DF-109DD2BBF0D3}"
EndProject
Global
	GlobalSection(SolutionConfigurationPlatforms) = preSolution
		Debug|Any CPU = Debug|Any CPU
		Release|Any CPU = Release|Any CPU
	EndGlobalSection
	GlobalSection(ProjectConfigurationPlatforms) = postSolution
		{5BDA75CA-8066-4630-82DF-109DD2BBF0D3}.Debug|Any CPU.ActiveCfg = Debug|Any CPU
		{5BDA75CA-8066-4630-82DF-109DD2BBF0D3}.Debug|Any CPU.Build.0 = Debug|Any CPU
		{5BDA75CA-8066-4630-82DF-109DD2BBF0D3}.Release|Any CPU.ActiveCfg = Release|Any CPU
		{5BDA75CA-8066-4630-82DF-109DD2BBF0D3}.Release|Any CPU.Build.0 = Release|Any CPU
	EndGlobalSection
	GlobalSection(SolutionProperties) = preSolution
		HideSolutionNode = FALSE
	EndGlobalSection
	GlobalSection(ExtensibilityGlobals) = postSolution
		SolutionGuid = {F2F04300-8B7F-4D1D-B7D8-577EA136BF2A}
	EndGlobalSection
EndGlobal
